
Microsoft Visual Studio Solution File, Format Version 12.00
# Visual Studio Version 16
VisualStudioVersion = 16.0.28803.352
MinimumVisualStudioVersion = 10.0.40219.1
Project("{FAE04EC0-301F-11D3-BF4B-00C04F79EFBC}") = "TareaLayout.Android", "TareaLayout\TareaLayout.Android\TareaLayout.Android.csproj", "{BC606BD8-4B62-4AA6-8DF0-06B3FAD9AB62}"
EndProject
Project("{FAE04EC0-301F-11D3-BF4B-00C04F79EFBC}") = "TareaLayout", "TareaLayout\TareaLayout\TareaLayout.csproj", "{297B146A-1BB3-4059-B98D-8088CDB7EC02}"
EndProject
Global
	GlobalSection(SolutionConfigurationPlatforms) = preSolution
		Debug|Any CPU = Debug|Any CPU
		Release|Any CPU = Release|Any CPU
	EndGlobalSection
	GlobalSection(ProjectConfigurationPlatforms) = postSolution
		{BC606BD8-4B62-4AA6-8DF0-06B3FAD9AB62}.Debug|Any CPU.ActiveCfg = Debug|Any CPU
		{BC606BD8-4B62-4AA6-8DF0-06B3FAD9AB62}.Debug|Any CPU.Build.0 = Debug|Any CPU
		{BC606BD8-4B62-4AA6-8DF0-06B3FAD9AB62}.Debug|Any CPU.Deploy.0 = Debug|Any CPU
		{BC606BD8-4B62-4AA6-8DF0-06B3FAD9AB62}.Release|Any CPU.ActiveCfg = Release|Any CPU
		{BC606BD8-4B62-4AA6-8DF0-06B3FAD9AB62}.Release|Any CPU.Build.0 = Release|Any CPU
		{BC606BD8-4B62-4AA6-8DF0-06B3FAD9AB62}.Release|Any CPU.Deploy.0 = Release|Any CPU
		{297B146A-1BB3-4059-B98D-8088CDB7EC02}.Debug|Any CPU.ActiveCfg = Debug|Any CPU
		{297B146A-1BB3-4059-B98D-8088CDB7EC02}.Debug|Any CPU.Build.0 = Debug|Any CPU
		{297B146A-1BB3-4059-B98D-8088CDB7EC02}.Debug|Any CPU.Deploy.0 = Debug|Any CPU
		{297B146A-1BB3-4059-B98D-8088CDB7EC02}.Release|Any CPU.ActiveCfg = Release|Any CPU
		{297B146A-1BB3-4059-B98D-8088CDB7EC02}.Release|Any CPU.Build.0 = Release|Any CPU
		{297B146A-1BB3-4059-B98D-8088CDB7EC02}.Release|Any CPU.Deploy.0 = Release|Any CPU
	EndGlobalSection
	GlobalSection(SolutionProperties) = preSolution
		HideSolutionNode = FALSE
	EndGlobalSection
	GlobalSection(ExtensibilityGlobals) = postSolution
		SolutionGuid = {17DE47DB-D0B3-4305-9801-176369FF418B}
	EndGlobalSection
EndGlobal
